{
  "name": "npm-app2",
  "version": "0.0.1",
  "lockfileVersion": 2,
  "requires": true,
  "packages": {
    "": {
      "name": "npm-app2",
      "version": "0.0.1",
      "license": "MIT",
      "dependencies": {
        "@tvx/npm-app1": "^1.1.2",
        "lodash": "^4.17.20"
      }
    },
    "node_modules/@tvx/npm-app1": {
      "version": "1.1.2",
      "resolved": "http://localhost:8081/nexus/content/groups/npm-group/@tvx/npm-app1/-/npm-app1-1.1.2.tgz",
      "integrity": "sha512-yH9xTkUXRSdvBrM4irzQYi6+HjqIrNP5X7su8E4qCw0c5zgTC0nfhxXe+TnsKDJG/aLJi4XVwxGbYiMZZ2AWTQ==",
      "license": "MIT"
    },
    "node_modules/lodash": {
      "version": "4.17.20",
      "resolved": "http://localhost:8081/nexus/content/groups/npm-group/lodash/-/lodash-4.17.20.tgz",
      "integrity": "sha512-PlhdFcillOINfeV7Ni6oF1TAEayyZBoZ8bcshTHqOYJYlrqzRK5hagpagky5o4HfCzzd1TRkXPMFq6cKk9rGmA==",
      "license": "MIT"
    }
  },
  "dependencies": {
    "@tvx/npm-app1": {
      "version": "1.1.2",
      "resolved": "http://localhost:8081/nexus/content/groups/npm-group/@tvx/npm-app1/-/npm-app1-1.1.2.tgz",
      "integrity": "sha512-yH9xTkUXRSdvBrM4irzQYi6+HjqIrNP5X7su8E4qCw0c5zgTC0nfhxXe+TnsKDJG/aLJi4XVwxGbYiMZZ2AWTQ=="
    },
    "lodash": {
      "version": "4.17.20",
      "resolved": "http://localhost:8081/nexus/content/groups/npm-group/lodash/-/lodash-4.17.20.tgz",
      "integrity": "sha512-PlhdFcillOINfeV7Ni6oF1TAEayyZBoZ8bcshTHqOYJYlrqzRK5hagpagky5o4HfCzzd1TRkXPMFq6cKk9rGmA=="
    }
  }
}
