{
    "name": "helloderp",
    "version": "0.0.1",
    "lockfileVersion": 2,
    "requires": true,
    "packages": {
        "": {
            "version": "0.0.1",
            "license": "MIT",
            "dependencies": {
                "@mypackage/helloworld": "^1.0.0"
            }
        },
        "node_modules/@mypackage/helloworld": {
            "version": "1.0.2",
            "resolved": "http://localhost:4873/@mypackage%2fhelloworld/-/helloworld-1.0.2.tgz",
            "integrity": "sha512-KXdLm5bx0efZoWIV7Kcn8eaeDOqpAY2f11aioDJWF6lpqY8eFigPz/RFbDUCDxYkNg5TJS7rFuE+eVmBeaOjNw==",
            "license": "ISC"
        }
    },
    "dependencies": {
        "@mypackage/helloworld": {
            "version": "1.0.2",
            "resolved": "http://localhost:4873/@mypackage%2fhelloworld/-/helloworld-1.0.2.tgz",
            "integrity": "sha512-KXdLm5bx0efZoWIV7Kcn8eaeDOqpAY2f11aioDJWF6lpqY8eFigPz/RFbDUCDxYkNg5TJS7rFuE+eVmBeaOjNw=="
        }
    }
}
